// !$*UTF8*$!
{
	archiveVersion = 1;
	classes = {
	};
	objectVersion = 50;
	objects = {

/* Begin PBXBuildFile section */
		061E7A93490377E66F43FB73 /* Pods_Ymoku.framework in Frameworks */ = {isa = PBXBuildFile; fileRef = 791FFAD8000026B4DC88E49D /* Pods_Ymoku.framework */; };
		30FD0416212DF956C31AAB28 /* Pods_YmokuUITests.framework in Frameworks */ = {isa = PBXBuildFile; fileRef = D8403A36094FEA6528FBC492 /* Pods_YmokuUITests.framework */; };
		4870BDCA575918C8708D06C2 /* Pods_Infra.framework in Frameworks */ = {isa = PBXBuildFile; fileRef = F7BA04C36140D1FD21BD626A /* Pods_Infra.framework */; };
		5093682E1A779CCF221915FB /* Pods_InfraTests.framework in Frameworks */ = {isa = PBXBuildFile; fileRef = 427913507D97C97FBCEDA650 /* Pods_InfraTests.framework */; };
		5505FC14225CD62600D01C87 /* Infra.framework in Frameworks */ = {isa = PBXBuildFile; fileRef = 5505FC0B225CD62600D01C87 /* Infra.framework */; };
		5505FC1B225CD62600D01C87 /* InfraTests.swift in Sources */ = {isa = PBXBuildFile; fileRef = 5505FC1A225CD62600D01C87 /* InfraTests.swift */; };
		5505FC1D225CD62600D01C87 /* Infra.h in Headers */ = {isa = PBXBuildFile; fileRef = 5505FC0D225CD62600D01C87 /* Infra.h */; settings = {ATTRIBUTES = (Public, ); }; };
		5505FC20225CD62600D01C87 /* Infra.framework in Frameworks */ = {isa = PBXBuildFile; fileRef = 5505FC0B225CD62600D01C87 /* Infra.framework */; };
		5505FC21225CD62600D01C87 /* Infra.framework in Embed Frameworks */ = {isa = PBXBuildFile; fileRef = 5505FC0B225CD62600D01C87 /* Infra.framework */; settings = {ATTRIBUTES = (CodeSignOnCopy, RemoveHeadersOnCopy, ); }; };
		555EA6B2225D933800FC4735 /* Authentication.storyboard in Resources */ = {isa = PBXBuildFile; fileRef = 555EA6B1225D933800FC4735 /* Authentication.storyboard */; };
		555EA6B4225E26D400FC4735 /* YmokuInputViewController.swift in Sources */ = {isa = PBXBuildFile; fileRef = 555EA6B3225E26D400FC4735 /* YmokuInputViewController.swift */; };
		5584EE1222617B4D00200D15 /* Account.framework in Frameworks */ = {isa = PBXBuildFile; fileRef = 5584EE0922617B4D00200D15 /* Account.framework */; };
		5584EE1922617B4D00200D15 /* AccountTests.swift in Sources */ = {isa = PBXBuildFile; fileRef = 5584EE1822617B4D00200D15 /* AccountTests.swift */; };
		5584EE1B22617B4D00200D15 /* Account.h in Headers */ = {isa = PBXBuildFile; fileRef = 5584EE0B22617B4D00200D15 /* Account.h */; settings = {ATTRIBUTES = (Public, ); }; };
		5584EE1E22617B4D00200D15 /* Account.framework in Frameworks */ = {isa = PBXBuildFile; fileRef = 5584EE0922617B4D00200D15 /* Account.framework */; };
		5584EE1F22617B4D00200D15 /* Account.framework in Embed Frameworks */ = {isa = PBXBuildFile; fileRef = 5584EE0922617B4D00200D15 /* Account.framework */; settings = {ATTRIBUTES = (CodeSignOnCopy, RemoveHeadersOnCopy, ); }; };
		5584EE2722617B6400200D15 /* YmokuAccount.swift in Sources */ = {isa = PBXBuildFile; fileRef = 5584EE2622617B6400200D15 /* YmokuAccount.swift */; };
		5584EE2922617BC300200D15 /* YmokuProfile.swift in Sources */ = {isa = PBXBuildFile; fileRef = 5584EE2822617BC300200D15 /* YmokuProfile.swift */; };
		5584EE2B22617DB600200D15 /* YmokuAccountCreateViewController.swift in Sources */ = {isa = PBXBuildFile; fileRef = 5584EE2A22617DB600200D15 /* YmokuAccountCreateViewController.swift */; };
		5584EE2E2261974500200D15 /* YmokuDisplayNameInputViewController.swift in Sources */ = {isa = PBXBuildFile; fileRef = 5584EE2D2261974500200D15 /* YmokuDisplayNameInputViewController.swift */; };
		5584EE302261999400200D15 /* YmokuNameInputViewController.swift in Sources */ = {isa = PBXBuildFile; fileRef = 5584EE2F2261999400200D15 /* YmokuNameInputViewController.swift */; };
		5584EE3222619E3500200D15 /* YmokuAffiliationViewController.swift in Sources */ = {isa = PBXBuildFile; fileRef = 5584EE3122619E3500200D15 /* YmokuAffiliationViewController.swift */; };
		5584EE342261AAC700200D15 /* AuthenticationUserData.swift in Sources */ = {isa = PBXBuildFile; fileRef = 5584EE332261AAC700200D15 /* AuthenticationUserData.swift */; };
		558871C7225CE67900BE7D7D /* Authentication.swift in Sources */ = {isa = PBXBuildFile; fileRef = 558871C6225CE67900BE7D7D /* Authentication.swift */; };
		55B74CAF225CD3010006C3EE /* AppDelegate.swift in Sources */ = {isa = PBXBuildFile; fileRef = 55B74CAE225CD3010006C3EE /* AppDelegate.swift */; };
		55B74CB1225CD3010006C3EE /* ViewController.swift in Sources */ = {isa = PBXBuildFile; fileRef = 55B74CB0225CD3010006C3EE /* ViewController.swift */; };
		55B74CB4225CD3010006C3EE /* Main.storyboard in Resources */ = {isa = PBXBuildFile; fileRef = 55B74CB2225CD3010006C3EE /* Main.storyboard */; };
		55B74CB6225CD3030006C3EE /* Assets.xcassets in Resources */ = {isa = PBXBuildFile; fileRef = 55B74CB5225CD3030006C3EE /* Assets.xcassets */; };
		55B74CB9225CD3030006C3EE /* LaunchScreen.storyboard in Resources */ = {isa = PBXBuildFile; fileRef = 55B74CB7225CD3030006C3EE /* LaunchScreen.storyboard */; };
		55B74CC4225CD3030006C3EE /* YmokuTests.swift in Sources */ = {isa = PBXBuildFile; fileRef = 55B74CC3225CD3030006C3EE /* YmokuTests.swift */; };
		55B74CCF225CD3030006C3EE /* YmokuUITests.swift in Sources */ = {isa = PBXBuildFile; fileRef = 55B74CCE225CD3030006C3EE /* YmokuUITests.swift */; };
		55B74CE5225CD3C70006C3EE /* UIColor+rgb+hex.swift in Sources */ = {isa = PBXBuildFile; fileRef = 55B74CDD225CD3C70006C3EE /* UIColor+rgb+hex.swift */; };
		55B74CE6225CD3C70006C3EE /* String+URLEncoded.swift in Sources */ = {isa = PBXBuildFile; fileRef = 55B74CDE225CD3C70006C3EE /* String+URLEncoded.swift */; };
		55B74CE8225CD3C70006C3EE /* YMokuNavigationController.swift in Sources */ = {isa = PBXBuildFile; fileRef = 55B74CE1225CD3C70006C3EE /* YMokuNavigationController.swift */; };
		55B74CE9225CD3C70006C3EE /* YMokuNavigationBarTitleTextAttribute.swift in Sources */ = {isa = PBXBuildFile; fileRef = 55B74CE2225CD3C70006C3EE /* YMokuNavigationBarTitleTextAttribute.swift */; };
		55B74CEA225CD3C70006C3EE /* YMokuColor.swift in Sources */ = {isa = PBXBuildFile; fileRef = 55B74CE4225CD3C70006C3EE /* YMokuColor.swift */; };
		55E8DC18225CD77900B9108C /* Infra.swift in Sources */ = {isa = PBXBuildFile; fileRef = 55E8DC17225CD77900B9108C /* Infra.swift */; };
		55E8DC1A225CD8A000B9108C /* GoogleService-Info.plist in Resources */ = {isa = PBXBuildFile; fileRef = 55E8DC19225CD8A000B9108C /* GoogleService-Info.plist */; };
		5AE43923067DF684141DFA29 /* Pods_YmokuTests.framework in Frameworks */ = {isa = PBXBuildFile; fileRef = F231E1E16000E3AF93865E89 /* Pods_YmokuTests.framework */; };
/* End PBXBuildFile section */

/* Begin PBXContainerItemProxy section */
		5505FC15225CD62600D01C87 /* PBXContainerItemProxy */ = {
			isa = PBXContainerItemProxy;
			containerPortal = 55B74CA3225CD3010006C3EE /* Project object */;
			proxyType = 1;
			remoteGlobalIDString = 5505FC0A225CD62600D01C87;
			remoteInfo = Infra;
		};
		5505FC17225CD62600D01C87 /* PBXContainerItemProxy */ = {
			isa = PBXContainerItemProxy;
			containerPortal = 55B74CA3225CD3010006C3EE /* Project object */;
			proxyType = 1;
			remoteGlobalIDString = 55B74CAA225CD3010006C3EE;
			remoteInfo = Ymoku;
		};
		5505FC1E225CD62600D01C87 /* PBXContainerItemProxy */ = {
			isa = PBXContainerItemProxy;
			containerPortal = 55B74CA3225CD3010006C3EE /* Project object */;
			proxyType = 1;
			remoteGlobalIDString = 5505FC0A225CD62600D01C87;
			remoteInfo = Infra;
		};
		5584EE1322617B4D00200D15 /* PBXContainerItemProxy */ = {
			isa = PBXContainerItemProxy;
			containerPortal = 55B74CA3225CD3010006C3EE /* Project object */;
			proxyType = 1;
			remoteGlobalIDString = 5584EE0822617B4D00200D15;
			remoteInfo = Account;
		};
		5584EE1522617B4D00200D15 /* PBXContainerItemProxy */ = {
			isa = PBXContainerItemProxy;
			containerPortal = 55B74CA3225CD3010006C3EE /* Project object */;
			proxyType = 1;
			remoteGlobalIDString = 55B74CAA225CD3010006C3EE;
			remoteInfo = Ymoku;
		};
		5584EE1C22617B4D00200D15 /* PBXContainerItemProxy */ = {
			isa = PBXContainerItemProxy;
			containerPortal = 55B74CA3225CD3010006C3EE /* Project object */;
			proxyType = 1;
			remoteGlobalIDString = 5584EE0822617B4D00200D15;
			remoteInfo = Account;
		};
		55B74CC0225CD3030006C3EE /* PBXContainerItemProxy */ = {
			isa = PBXContainerItemProxy;
			containerPortal = 55B74CA3225CD3010006C3EE /* Project object */;
			proxyType = 1;
			remoteGlobalIDString = 55B74CAA225CD3010006C3EE;
			remoteInfo = Ymoku;
		};
		55B74CCB225CD3030006C3EE /* PBXContainerItemProxy */ = {
			isa = PBXContainerItemProxy;
			containerPortal = 55B74CA3225CD3010006C3EE /* Project object */;
			proxyType = 1;
			remoteGlobalIDString = 55B74CAA225CD3010006C3EE;
			remoteInfo = Ymoku;
		};
/* End PBXContainerItemProxy section */

/* Begin PBXCopyFilesBuildPhase section */
		5505FC27225CD62600D01C87 /* Embed Frameworks */ = {
			isa = PBXCopyFilesBuildPhase;
			buildActionMask = 2147483647;
			dstPath = "";
			dstSubfolderSpec = 10;
			files = (
				5584EE1F22617B4D00200D15 /* Account.framework in Embed Frameworks */,
				5505FC21225CD62600D01C87 /* Infra.framework in Embed Frameworks */,
			);
			name = "Embed Frameworks";
			runOnlyForDeploymentPostprocessing = 0;
		};
/* End PBXCopyFilesBuildPhase section */

/* Begin PBXFileReference section */
		1D1CA6E0FBDB2214308F855A /* Pods-InfraTests.release.xcconfig */ = {isa = PBXFileReference; includeInIndex = 1; lastKnownFileType = text.xcconfig; name = "Pods-InfraTests.release.xcconfig"; path = "Pods/Target Support Files/Pods-InfraTests/Pods-InfraTests.release.xcconfig"; sourceTree = "<group>"; };
		2AF43DBE27FBDC31AEA6FE2F /* Pods-YmokuTests.release.xcconfig */ = {isa = PBXFileReference; includeInIndex = 1; lastKnownFileType = text.xcconfig; name = "Pods-YmokuTests.release.xcconfig"; path = "Pods/Target Support Files/Pods-YmokuTests/Pods-YmokuTests.release.xcconfig"; sourceTree = "<group>"; };
		327792893D0F033979BD7048 /* Pods-YmokuUITests.release.xcconfig */ = {isa = PBXFileReference; includeInIndex = 1; lastKnownFileType = text.xcconfig; name = "Pods-YmokuUITests.release.xcconfig"; path = "Pods/Target Support Files/Pods-YmokuUITests/Pods-YmokuUITests.release.xcconfig"; sourceTree = "<group>"; };
		427913507D97C97FBCEDA650 /* Pods_InfraTests.framework */ = {isa = PBXFileReference; explicitFileType = wrapper.framework; includeInIndex = 0; path = Pods_InfraTests.framework; sourceTree = BUILT_PRODUCTS_DIR; };
		5505FC0B225CD62600D01C87 /* Infra.framework */ = {isa = PBXFileReference; explicitFileType = wrapper.framework; includeInIndex = 0; path = Infra.framework; sourceTree = BUILT_PRODUCTS_DIR; };
		5505FC0D225CD62600D01C87 /* Infra.h */ = {isa = PBXFileReference; lastKnownFileType = sourcecode.c.h; path = Infra.h; sourceTree = "<group>"; };
		5505FC0E225CD62600D01C87 /* Info.plist */ = {isa = PBXFileReference; lastKnownFileType = text.plist.xml; path = Info.plist; sourceTree = "<group>"; };
		5505FC13225CD62600D01C87 /* InfraTests.xctest */ = {isa = PBXFileReference; explicitFileType = wrapper.cfbundle; includeInIndex = 0; path = InfraTests.xctest; sourceTree = BUILT_PRODUCTS_DIR; };
		5505FC1A225CD62600D01C87 /* InfraTests.swift */ = {isa = PBXFileReference; lastKnownFileType = sourcecode.swift; path = InfraTests.swift; sourceTree = "<group>"; };
		5505FC1C225CD62600D01C87 /* Info.plist */ = {isa = PBXFileReference; lastKnownFileType = text.plist.xml; path = Info.plist; sourceTree = "<group>"; };
		555EA6B1225D933800FC4735 /* Authentication.storyboard */ = {isa = PBXFileReference; lastKnownFileType = file.storyboard; path = Authentication.storyboard; sourceTree = "<group>"; };
		555EA6B3225E26D400FC4735 /* YmokuInputViewController.swift */ = {isa = PBXFileReference; lastKnownFileType = sourcecode.swift; path = YmokuInputViewController.swift; sourceTree = "<group>"; };
		5584EE0922617B4D00200D15 /* Account.framework */ = {isa = PBXFileReference; explicitFileType = wrapper.framework; includeInIndex = 0; path = Account.framework; sourceTree = BUILT_PRODUCTS_DIR; };
		5584EE0B22617B4D00200D15 /* Account.h */ = {isa = PBXFileReference; lastKnownFileType = sourcecode.c.h; path = Account.h; sourceTree = "<group>"; };
		5584EE0C22617B4D00200D15 /* Info.plist */ = {isa = PBXFileReference; lastKnownFileType = text.plist.xml; path = Info.plist; sourceTree = "<group>"; };
		5584EE1122617B4D00200D15 /* AccountTests.xctest */ = {isa = PBXFileReference; explicitFileType = wrapper.cfbundle; includeInIndex = 0; path = AccountTests.xctest; sourceTree = BUILT_PRODUCTS_DIR; };
		5584EE1822617B4D00200D15 /* AccountTests.swift */ = {isa = PBXFileReference; lastKnownFileType = sourcecode.swift; path = AccountTests.swift; sourceTree = "<group>"; };
		5584EE1A22617B4D00200D15 /* Info.plist */ = {isa = PBXFileReference; lastKnownFileType = text.plist.xml; path = Info.plist; sourceTree = "<group>"; };
		5584EE2622617B6400200D15 /* YmokuAccount.swift */ = {isa = PBXFileReference; lastKnownFileType = sourcecode.swift; path = YmokuAccount.swift; sourceTree = "<group>"; };
		5584EE2822617BC300200D15 /* YmokuProfile.swift */ = {isa = PBXFileReference; lastKnownFileType = sourcecode.swift; path = YmokuProfile.swift; sourceTree = "<group>"; };
		5584EE2A22617DB600200D15 /* YmokuAccountCreateViewController.swift */ = {isa = PBXFileReference; lastKnownFileType = sourcecode.swift; path = YmokuAccountCreateViewController.swift; sourceTree = "<group>"; };
		5584EE2D2261974500200D15 /* YmokuDisplayNameInputViewController.swift */ = {isa = PBXFileReference; lastKnownFileType = sourcecode.swift; path = YmokuDisplayNameInputViewController.swift; sourceTree = "<group>"; };
		5584EE2F2261999400200D15 /* YmokuNameInputViewController.swift */ = {isa = PBXFileReference; lastKnownFileType = sourcecode.swift; path = YmokuNameInputViewController.swift; sourceTree = "<group>"; };
		5584EE3122619E3500200D15 /* YmokuAffiliationViewController.swift */ = {isa = PBXFileReference; lastKnownFileType = sourcecode.swift; path = YmokuAffiliationViewController.swift; sourceTree = "<group>"; };
		5584EE332261AAC700200D15 /* AuthenticationUserData.swift */ = {isa = PBXFileReference; lastKnownFileType = sourcecode.swift; path = AuthenticationUserData.swift; sourceTree = "<group>"; };
		558871C6225CE67900BE7D7D /* Authentication.swift */ = {isa = PBXFileReference; fileEncoding = 4; lastKnownFileType = sourcecode.swift; path = Authentication.swift; sourceTree = "<group>"; };
		55B74CAB225CD3010006C3EE /* Ymoku.app */ = {isa = PBXFileReference; explicitFileType = wrapper.application; includeInIndex = 0; path = Ymoku.app; sourceTree = BUILT_PRODUCTS_DIR; };
		55B74CAE225CD3010006C3EE /* AppDelegate.swift */ = {isa = PBXFileReference; lastKnownFileType = sourcecode.swift; path = AppDelegate.swift; sourceTree = "<group>"; };
		55B74CB0225CD3010006C3EE /* ViewController.swift */ = {isa = PBXFileReference; lastKnownFileType = sourcecode.swift; path = ViewController.swift; sourceTree = "<group>"; };
		55B74CB3225CD3010006C3EE /* Base */ = {isa = PBXFileReference; lastKnownFileType = file.storyboard; name = Base; path = Base.lproj/Main.storyboard; sourceTree = "<group>"; };
		55B74CB5225CD3030006C3EE /* Assets.xcassets */ = {isa = PBXFileReference; lastKnownFileType = folder.assetcatalog; path = Assets.xcassets; sourceTree = "<group>"; };
		55B74CB8225CD3030006C3EE /* Base */ = {isa = PBXFileReference; lastKnownFileType = file.storyboard; name = Base; path = Base.lproj/LaunchScreen.storyboard; sourceTree = "<group>"; };
		55B74CBA225CD3030006C3EE /* Info.plist */ = {isa = PBXFileReference; lastKnownFileType = text.plist.xml; path = Info.plist; sourceTree = "<group>"; };
		55B74CBF225CD3030006C3EE /* YmokuTests.xctest */ = {isa = PBXFileReference; explicitFileType = wrapper.cfbundle; includeInIndex = 0; path = YmokuTests.xctest; sourceTree = BUILT_PRODUCTS_DIR; };
		55B74CC3225CD3030006C3EE /* YmokuTests.swift */ = {isa = PBXFileReference; lastKnownFileType = sourcecode.swift; path = YmokuTests.swift; sourceTree = "<group>"; };
		55B74CC5225CD3030006C3EE /* Info.plist */ = {isa = PBXFileReference; lastKnownFileType = text.plist.xml; path = Info.plist; sourceTree = "<group>"; };
		55B74CCA225CD3030006C3EE /* YmokuUITests.xctest */ = {isa = PBXFileReference; explicitFileType = wrapper.cfbundle; includeInIndex = 0; path = YmokuUITests.xctest; sourceTree = BUILT_PRODUCTS_DIR; };
		55B74CCE225CD3030006C3EE /* YmokuUITests.swift */ = {isa = PBXFileReference; lastKnownFileType = sourcecode.swift; path = YmokuUITests.swift; sourceTree = "<group>"; };
		55B74CD0225CD3030006C3EE /* Info.plist */ = {isa = PBXFileReference; lastKnownFileType = text.plist.xml; path = Info.plist; sourceTree = "<group>"; };
		55B74CDD225CD3C70006C3EE /* UIColor+rgb+hex.swift */ = {isa = PBXFileReference; fileEncoding = 4; lastKnownFileType = sourcecode.swift; path = "UIColor+rgb+hex.swift"; sourceTree = "<group>"; };
		55B74CDE225CD3C70006C3EE /* String+URLEncoded.swift */ = {isa = PBXFileReference; fileEncoding = 4; lastKnownFileType = sourcecode.swift; path = "String+URLEncoded.swift"; sourceTree = "<group>"; };
		55B74CE1225CD3C70006C3EE /* YMokuNavigationController.swift */ = {isa = PBXFileReference; fileEncoding = 4; lastKnownFileType = sourcecode.swift; path = YMokuNavigationController.swift; sourceTree = "<group>"; };
		55B74CE2225CD3C70006C3EE /* YMokuNavigationBarTitleTextAttribute.swift */ = {isa = PBXFileReference; fileEncoding = 4; lastKnownFileType = sourcecode.swift; path = YMokuNavigationBarTitleTextAttribute.swift; sourceTree = "<group>"; };
		55B74CE4225CD3C70006C3EE /* YMokuColor.swift */ = {isa = PBXFileReference; fileEncoding = 4; lastKnownFileType = sourcecode.swift; path = YMokuColor.swift; sourceTree = "<group>"; };
		55E8DC17225CD77900B9108C /* Infra.swift */ = {isa = PBXFileReference; lastKnownFileType = sourcecode.swift; path = Infra.swift; sourceTree = "<group>"; };
		55E8DC19225CD8A000B9108C /* GoogleService-Info.plist */ = {isa = PBXFileReference; fileEncoding = 4; lastKnownFileType = text.plist.xml; path = "GoogleService-Info.plist"; sourceTree = "<group>"; };
		732ADE8CB1249946AF3463E3 /* Pods-YmokuUITests.debug.xcconfig */ = {isa = PBXFileReference; includeInIndex = 1; lastKnownFileType = text.xcconfig; name = "Pods-YmokuUITests.debug.xcconfig"; path = "Pods/Target Support Files/Pods-YmokuUITests/Pods-YmokuUITests.debug.xcconfig"; sourceTree = "<group>"; };
		791FFAD8000026B4DC88E49D /* Pods_Ymoku.framework */ = {isa = PBXFileReference; explicitFileType = wrapper.framework; includeInIndex = 0; path = Pods_Ymoku.framework; sourceTree = BUILT_PRODUCTS_DIR; };
		854131C7E3FE3F2BBFC98D12 /* Pods-YmokuTests.debug.xcconfig */ = {isa = PBXFileReference; includeInIndex = 1; lastKnownFileType = text.xcconfig; name = "Pods-YmokuTests.debug.xcconfig"; path = "Pods/Target Support Files/Pods-YmokuTests/Pods-YmokuTests.debug.xcconfig"; sourceTree = "<group>"; };
		A2875BA45CCD64C899558BDB /* Pods-Infra.debug.xcconfig */ = {isa = PBXFileReference; includeInIndex = 1; lastKnownFileType = text.xcconfig; name = "Pods-Infra.debug.xcconfig"; path = "Pods/Target Support Files/Pods-Infra/Pods-Infra.debug.xcconfig"; sourceTree = "<group>"; };
		B69BF3EF933F1A7A95C10D0F /* Pods-Ymoku.release.xcconfig */ = {isa = PBXFileReference; includeInIndex = 1; lastKnownFileType = text.xcconfig; name = "Pods-Ymoku.release.xcconfig"; path = "Pods/Target Support Files/Pods-Ymoku/Pods-Ymoku.release.xcconfig"; sourceTree = "<group>"; };
		BA0AFCE4E0D5EE1DDDE16352 /* Pods-Ymoku.debug.xcconfig */ = {isa = PBXFileReference; includeInIndex = 1; lastKnownFileType = text.xcconfig; name = "Pods-Ymoku.debug.xcconfig"; path = "Pods/Target Support Files/Pods-Ymoku/Pods-Ymoku.debug.xcconfig"; sourceTree = "<group>"; };
		CA6B05EAAFEF6E36C3CB70EB /* Pods-InfraTests.debug.xcconfig */ = {isa = PBXFileReference; includeInIndex = 1; lastKnownFileType = text.xcconfig; name = "Pods-InfraTests.debug.xcconfig"; path = "Pods/Target Support Files/Pods-InfraTests/Pods-InfraTests.debug.xcconfig"; sourceTree = "<group>"; };
		D8403A36094FEA6528FBC492 /* Pods_YmokuUITests.framework */ = {isa = PBXFileReference; explicitFileType = wrapper.framework; includeInIndex = 0; path = Pods_YmokuUITests.framework; sourceTree = BUILT_PRODUCTS_DIR; };
		E95F31D86296A360DE9AAEC8 /* Pods-Infra.release.xcconfig */ = {isa = PBXFileReference; includeInIndex = 1; lastKnownFileType = text.xcconfig; name = "Pods-Infra.release.xcconfig"; path = "Pods/Target Support Files/Pods-Infra/Pods-Infra.release.xcconfig"; sourceTree = "<group>"; };
		F231E1E16000E3AF93865E89 /* Pods_YmokuTests.framework */ = {isa = PBXFileReference; explicitFileType = wrapper.framework; includeInIndex = 0; path = Pods_YmokuTests.framework; sourceTree = BUILT_PRODUCTS_DIR; };
		F7BA04C36140D1FD21BD626A /* Pods_Infra.framework */ = {isa = PBXFileReference; explicitFileType = wrapper.framework; includeInIndex = 0; path = Pods_Infra.framework; sourceTree = BUILT_PRODUCTS_DIR; };
/* End PBXFileReference section */

/* Begin PBXFrameworksBuildPhase section */
		5505FC08225CD62600D01C87 /* Frameworks */ = {
			isa = PBXFrameworksBuildPhase;
			buildActionMask = 2147483647;
			files = (
				4870BDCA575918C8708D06C2 /* Pods_Infra.framework in Frameworks */,
			);
			runOnlyForDeploymentPostprocessing = 0;
		};
		5505FC10225CD62600D01C87 /* Frameworks */ = {
			isa = PBXFrameworksBuildPhase;
			buildActionMask = 2147483647;
			files = (
				5505FC14225CD62600D01C87 /* Infra.framework in Frameworks */,
				5093682E1A779CCF221915FB /* Pods_InfraTests.framework in Frameworks */,
			);
			runOnlyForDeploymentPostprocessing = 0;
		};
		5584EE0622617B4D00200D15 /* Frameworks */ = {
			isa = PBXFrameworksBuildPhase;
			buildActionMask = 2147483647;
			files = (
			);
			runOnlyForDeploymentPostprocessing = 0;
		};
		5584EE0E22617B4D00200D15 /* Frameworks */ = {
			isa = PBXFrameworksBuildPhase;
			buildActionMask = 2147483647;
			files = (
				5584EE1222617B4D00200D15 /* Account.framework in Frameworks */,
			);
			runOnlyForDeploymentPostprocessing = 0;
		};
		55B74CA8225CD3010006C3EE /* Frameworks */ = {
			isa = PBXFrameworksBuildPhase;
			buildActionMask = 2147483647;
			files = (
				5505FC20225CD62600D01C87 /* Infra.framework in Frameworks */,
				061E7A93490377E66F43FB73 /* Pods_Ymoku.framework in Frameworks */,
				5584EE1E22617B4D00200D15 /* Account.framework in Frameworks */,
			);
			runOnlyForDeploymentPostprocessing = 0;
		};
		55B74CBC225CD3030006C3EE /* Frameworks */ = {
			isa = PBXFrameworksBuildPhase;
			buildActionMask = 2147483647;
			files = (
				5AE43923067DF684141DFA29 /* Pods_YmokuTests.framework in Frameworks */,
			);
			runOnlyForDeploymentPostprocessing = 0;
		};
		55B74CC7225CD3030006C3EE /* Frameworks */ = {
			isa = PBXFrameworksBuildPhase;
			buildActionMask = 2147483647;
			files = (
				30FD0416212DF956C31AAB28 /* Pods_YmokuUITests.framework in Frameworks */,
			);
			runOnlyForDeploymentPostprocessing = 0;
		};
/* End PBXFrameworksBuildPhase section */

/* Begin PBXGroup section */
		5505FC0C225CD62600D01C87 /* Infra */ = {
			isa = PBXGroup;
			children = (
				5505FC0D225CD62600D01C87 /* Infra.h */,
				5505FC0E225CD62600D01C87 /* Info.plist */,
				55E8DC17225CD77900B9108C /* Infra.swift */,
				558871C6225CE67900BE7D7D /* Authentication.swift */,
				5584EE332261AAC700200D15 /* AuthenticationUserData.swift */,
			);
			path = Infra;
			sourceTree = "<group>";
		};
		5505FC19225CD62600D01C87 /* InfraTests */ = {
			isa = PBXGroup;
			children = (
				5505FC1A225CD62600D01C87 /* InfraTests.swift */,
				5505FC1C225CD62600D01C87 /* Info.plist */,
			);
			path = InfraTests;
			sourceTree = "<group>";
		};
		5584EE0A22617B4D00200D15 /* Account */ = {
			isa = PBXGroup;
			children = (
				5584EE0B22617B4D00200D15 /* Account.h */,
				5584EE0C22617B4D00200D15 /* Info.plist */,
				5584EE2622617B6400200D15 /* YmokuAccount.swift */,
				5584EE2822617BC300200D15 /* YmokuProfile.swift */,
			);
			path = Account;
			sourceTree = "<group>";
		};
		5584EE1722617B4D00200D15 /* AccountTests */ = {
			isa = PBXGroup;
			children = (
				5584EE1822617B4D00200D15 /* AccountTests.swift */,
				5584EE1A22617B4D00200D15 /* Info.plist */,
			);
			path = AccountTests;
			sourceTree = "<group>";
		};
		5584EE2C22617DCE00200D15 /* AccountViewController */ = {
			isa = PBXGroup;
			children = (
				555EA6B3225E26D400FC4735 /* YmokuInputViewController.swift */,
				5584EE2A22617DB600200D15 /* YmokuAccountCreateViewController.swift */,
				5584EE2D2261974500200D15 /* YmokuDisplayNameInputViewController.swift */,
				5584EE2F2261999400200D15 /* YmokuNameInputViewController.swift */,
				5584EE3122619E3500200D15 /* YmokuAffiliationViewController.swift */,
			);
			path = AccountViewController;
			sourceTree = "<group>";
		};
		55B74CA2225CD3010006C3EE = {
			isa = PBXGroup;
			children = (
				55B74CAD225CD3010006C3EE /* Ymoku */,
				55B74CC2225CD3030006C3EE /* YmokuTests */,
				55B74CCD225CD3030006C3EE /* YmokuUITests */,
				5505FC0C225CD62600D01C87 /* Infra */,
				5505FC19225CD62600D01C87 /* InfraTests */,
				5584EE0A22617B4D00200D15 /* Account */,
				5584EE1722617B4D00200D15 /* AccountTests */,
				55B74CAC225CD3010006C3EE /* Products */,
				C0E387849023257A3C726D7A /* Pods */,
				90EE4CF659A30799732BA4AC /* Frameworks */,
			);
			sourceTree = "<group>";
		};
		55B74CAC225CD3010006C3EE /* Products */ = {
			isa = PBXGroup;
			children = (
				55B74CAB225CD3010006C3EE /* Ymoku.app */,
				55B74CBF225CD3030006C3EE /* YmokuTests.xctest */,
				55B74CCA225CD3030006C3EE /* YmokuUITests.xctest */,
				5505FC0B225CD62600D01C87 /* Infra.framework */,
				5505FC13225CD62600D01C87 /* InfraTests.xctest */,
				5584EE0922617B4D00200D15 /* Account.framework */,
				5584EE1122617B4D00200D15 /* AccountTests.xctest */,
			);
			name = Products;
			sourceTree = "<group>";
		};
		55B74CAD225CD3010006C3EE /* Ymoku */ = {
			isa = PBXGroup;
			children = (
				5584EE2C22617DCE00200D15 /* AccountViewController */,
				55B74CDC225CD3C70006C3EE /* Extension */,
				55B74CE3225CD3C70006C3EE /* Color */,
				55B74CE0225CD3C70006C3EE /* Navigation */,
				55B74CAE225CD3010006C3EE /* AppDelegate.swift */,
				55B74CB0225CD3010006C3EE /* ViewController.swift */,
				55B74CB2225CD3010006C3EE /* Main.storyboard */,
				55B74CB5225CD3030006C3EE /* Assets.xcassets */,
				55B74CB7225CD3030006C3EE /* LaunchScreen.storyboard */,
				55B74CBA225CD3030006C3EE /* Info.plist */,
				55E8DC19225CD8A000B9108C /* GoogleService-Info.plist */,
				555EA6B1225D933800FC4735 /* Authentication.storyboard */,
			);
			path = Ymoku;
			sourceTree = "<group>";
		};
		55B74CC2225CD3030006C3EE /* YmokuTests */ = {
			isa = PBXGroup;
			children = (
				55B74CC3225CD3030006C3EE /* YmokuTests.swift */,
				55B74CC5225CD3030006C3EE /* Info.plist */,
			);
			path = YmokuTests;
			sourceTree = "<group>";
		};
		55B74CCD225CD3030006C3EE /* YmokuUITests */ = {
			isa = PBXGroup;
			children = (
				55B74CCE225CD3030006C3EE /* YmokuUITests.swift */,
				55B74CD0225CD3030006C3EE /* Info.plist */,
			);
			path = YmokuUITests;
			sourceTree = "<group>";
		};
		55B74CDC225CD3C70006C3EE /* Extension */ = {
			isa = PBXGroup;
			children = (
				55B74CDD225CD3C70006C3EE /* UIColor+rgb+hex.swift */,
				55B74CDE225CD3C70006C3EE /* String+URLEncoded.swift */,
			);
			name = Extension;
			path = "../../mokumoku-app-ios/mokumoku-app-ios/Extension";
			sourceTree = "<group>";
		};
		55B74CE0225CD3C70006C3EE /* Navigation */ = {
			isa = PBXGroup;
			children = (
				55B74CE1225CD3C70006C3EE /* YMokuNavigationController.swift */,
				55B74CE2225CD3C70006C3EE /* YMokuNavigationBarTitleTextAttribute.swift */,
			);
			name = Navigation;
			path = "../../mokumoku-app-ios/mokumoku-app-ios/Navigation";
			sourceTree = "<group>";
		};
		55B74CE3225CD3C70006C3EE /* Color */ = {
			isa = PBXGroup;
			children = (
				55B74CE4225CD3C70006C3EE /* YMokuColor.swift */,
			);
			name = Color;
			path = "../../mokumoku-app-ios/mokumoku-app-ios/Color";
			sourceTree = "<group>";
		};
		90EE4CF659A30799732BA4AC /* Frameworks */ = {
			isa = PBXGroup;
			children = (
				F7BA04C36140D1FD21BD626A /* Pods_Infra.framework */,
				427913507D97C97FBCEDA650 /* Pods_InfraTests.framework */,
				791FFAD8000026B4DC88E49D /* Pods_Ymoku.framework */,
				F231E1E16000E3AF93865E89 /* Pods_YmokuTests.framework */,
				D8403A36094FEA6528FBC492 /* Pods_YmokuUITests.framework */,
			);
			name = Frameworks;
			sourceTree = "<group>";
		};
		C0E387849023257A3C726D7A /* Pods */ = {
			isa = PBXGroup;
			children = (
				A2875BA45CCD64C899558BDB /* Pods-Infra.debug.xcconfig */,
				E95F31D86296A360DE9AAEC8 /* Pods-Infra.release.xcconfig */,
				CA6B05EAAFEF6E36C3CB70EB /* Pods-InfraTests.debug.xcconfig */,
				1D1CA6E0FBDB2214308F855A /* Pods-InfraTests.release.xcconfig */,
				BA0AFCE4E0D5EE1DDDE16352 /* Pods-Ymoku.debug.xcconfig */,
				B69BF3EF933F1A7A95C10D0F /* Pods-Ymoku.release.xcconfig */,
				854131C7E3FE3F2BBFC98D12 /* Pods-YmokuTests.debug.xcconfig */,
				2AF43DBE27FBDC31AEA6FE2F /* Pods-YmokuTests.release.xcconfig */,
				732ADE8CB1249946AF3463E3 /* Pods-YmokuUITests.debug.xcconfig */,
				327792893D0F033979BD7048 /* Pods-YmokuUITests.release.xcconfig */,
			);
			name = Pods;
			sourceTree = "<group>";
		};
/* End PBXGroup section */

/* Begin PBXHeadersBuildPhase section */
		5505FC06225CD62600D01C87 /* Headers */ = {
			isa = PBXHeadersBuildPhase;
			buildActionMask = 2147483647;
			files = (
				5505FC1D225CD62600D01C87 /* Infra.h in Headers */,
			);
			runOnlyForDeploymentPostprocessing = 0;
		};
		5584EE0422617B4D00200D15 /* Headers */ = {
			isa = PBXHeadersBuildPhase;
			buildActionMask = 2147483647;
			files = (
				5584EE1B22617B4D00200D15 /* Account.h in Headers */,
			);
			runOnlyForDeploymentPostprocessing = 0;
		};
/* End PBXHeadersBuildPhase section */

/* Begin PBXNativeTarget section */
		5505FC0A225CD62600D01C87 /* Infra */ = {
			isa = PBXNativeTarget;
			buildConfigurationList = 5505FC26225CD62600D01C87 /* Build configuration list for PBXNativeTarget "Infra" */;
			buildPhases = (
				C06196750F3EC091DA4B97B6 /* [CP] Check Pods Manifest.lock */,
				5505FC06225CD62600D01C87 /* Headers */,
				5505FC07225CD62600D01C87 /* Sources */,
				5505FC08225CD62600D01C87 /* Frameworks */,
				5505FC09225CD62600D01C87 /* Resources */,
			);
			buildRules = (
			);
			dependencies = (
			);
			name = Infra;
			productName = Infra;
			productReference = 5505FC0B225CD62600D01C87 /* Infra.framework */;
			productType = "com.apple.product-type.framework";
		};
		5505FC12225CD62600D01C87 /* InfraTests */ = {
			isa = PBXNativeTarget;
			buildConfigurationList = 5505FC28225CD62600D01C87 /* Build configuration list for PBXNativeTarget "InfraTests" */;
			buildPhases = (
				DE7805B9BE66D1B3E11F3D3C /* [CP] Check Pods Manifest.lock */,
				5505FC0F225CD62600D01C87 /* Sources */,
				5505FC10225CD62600D01C87 /* Frameworks */,
				5505FC11225CD62600D01C87 /* Resources */,
				9B5698BEC2E9CA30A68E973A /* [CP] Embed Pods Frameworks */,
			);
			buildRules = (
			);
			dependencies = (
				5505FC16225CD62600D01C87 /* PBXTargetDependency */,
				5505FC18225CD62600D01C87 /* PBXTargetDependency */,
			);
			name = InfraTests;
			productName = InfraTests;
			productReference = 5505FC13225CD62600D01C87 /* InfraTests.xctest */;
			productType = "com.apple.product-type.bundle.unit-test";
		};
		5584EE0822617B4D00200D15 /* Account */ = {
			isa = PBXNativeTarget;
			buildConfigurationList = 5584EE2422617B4D00200D15 /* Build configuration list for PBXNativeTarget "Account" */;
			buildPhases = (
				5584EE0422617B4D00200D15 /* Headers */,
				5584EE0522617B4D00200D15 /* Sources */,
				5584EE0622617B4D00200D15 /* Frameworks */,
				5584EE0722617B4D00200D15 /* Resources */,
			);
			buildRules = (
			);
			dependencies = (
			);
			name = Account;
			productName = Account;
			productReference = 5584EE0922617B4D00200D15 /* Account.framework */;
			productType = "com.apple.product-type.framework";
		};
		5584EE1022617B4D00200D15 /* AccountTests */ = {
			isa = PBXNativeTarget;
			buildConfigurationList = 5584EE2522617B4D00200D15 /* Build configuration list for PBXNativeTarget "AccountTests" */;
			buildPhases = (
				5584EE0D22617B4D00200D15 /* Sources */,
				5584EE0E22617B4D00200D15 /* Frameworks */,
				5584EE0F22617B4D00200D15 /* Resources */,
			);
			buildRules = (
			);
			dependencies = (
				5584EE1422617B4D00200D15 /* PBXTargetDependency */,
				5584EE1622617B4D00200D15 /* PBXTargetDependency */,
			);
			name = AccountTests;
			productName = AccountTests;
			productReference = 5584EE1122617B4D00200D15 /* AccountTests.xctest */;
			productType = "com.apple.product-type.bundle.unit-test";
		};
		55B74CAA225CD3010006C3EE /* Ymoku */ = {
			isa = PBXNativeTarget;
			buildConfigurationList = 55B74CD3225CD3030006C3EE /* Build configuration list for PBXNativeTarget "Ymoku" */;
			buildPhases = (
				ED1A4C75D971EE806523D341 /* [CP] Check Pods Manifest.lock */,
				55B74CA7225CD3010006C3EE /* Sources */,
				55B74CA8225CD3010006C3EE /* Frameworks */,
				55B74CA9225CD3010006C3EE /* Resources */,
				5505FC27225CD62600D01C87 /* Embed Frameworks */,
				149FB64926A32BFF5FE0106F /* [CP] Embed Pods Frameworks */,
			);
			buildRules = (
			);
			dependencies = (
				5505FC1F225CD62600D01C87 /* PBXTargetDependency */,
				5584EE1D22617B4D00200D15 /* PBXTargetDependency */,
			);
			name = Ymoku;
			productName = Ymoku;
			productReference = 55B74CAB225CD3010006C3EE /* Ymoku.app */;
			productType = "com.apple.product-type.application";
		};
		55B74CBE225CD3030006C3EE /* YmokuTests */ = {
			isa = PBXNativeTarget;
			buildConfigurationList = 55B74CD6225CD3030006C3EE /* Build configuration list for PBXNativeTarget "YmokuTests" */;
			buildPhases = (
				178FFFC39A7F2C0A9C7B233F /* [CP] Check Pods Manifest.lock */,
				55B74CBB225CD3030006C3EE /* Sources */,
				55B74CBC225CD3030006C3EE /* Frameworks */,
				55B74CBD225CD3030006C3EE /* Resources */,
			);
			buildRules = (
			);
			dependencies = (
				55B74CC1225CD3030006C3EE /* PBXTargetDependency */,
			);
			name = YmokuTests;
			productName = YmokuTests;
			productReference = 55B74CBF225CD3030006C3EE /* YmokuTests.xctest */;
			productType = "com.apple.product-type.bundle.unit-test";
		};
		55B74CC9225CD3030006C3EE /* YmokuUITests */ = {
			isa = PBXNativeTarget;
			buildConfigurationList = 55B74CD9225CD3030006C3EE /* Build configuration list for PBXNativeTarget "YmokuUITests" */;
			buildPhases = (
				F1CD494AFEBDE4E43B482058 /* [CP] Check Pods Manifest.lock */,
				55B74CC6225CD3030006C3EE /* Sources */,
				55B74CC7225CD3030006C3EE /* Frameworks */,
				55B74CC8225CD3030006C3EE /* Resources */,
			);
			buildRules = (
			);
			dependencies = (
				55B74CCC225CD3030006C3EE /* PBXTargetDependency */,
			);
			name = YmokuUITests;
			productName = YmokuUITests;
			productReference = 55B74CCA225CD3030006C3EE /* YmokuUITests.xctest */;
			productType = "com.apple.product-type.bundle.ui-testing";
		};
/* End PBXNativeTarget section */

/* Begin PBXProject section */
		55B74CA3225CD3010006C3EE /* Project object */ = {
			isa = PBXProject;
			attributes = {
				LastSwiftUpdateCheck = 1010;
				LastUpgradeCheck = 1010;
				ORGANIZATIONNAME = "Falcon Tech";
				TargetAttributes = {
					5505FC0A225CD62600D01C87 = {
						CreatedOnToolsVersion = 10.1;
						LastSwiftMigration = 1010;
					};
					5505FC12225CD62600D01C87 = {
						CreatedOnToolsVersion = 10.1;
						TestTargetID = 55B74CAA225CD3010006C3EE;
					};
					5584EE0822617B4D00200D15 = {
						CreatedOnToolsVersion = 10.1;
						LastSwiftMigration = 1010;
					};
					5584EE1022617B4D00200D15 = {
						CreatedOnToolsVersion = 10.1;
						TestTargetID = 55B74CAA225CD3010006C3EE;
					};
					55B74CAA225CD3010006C3EE = {
						CreatedOnToolsVersion = 10.1;
					};
					55B74CBE225CD3030006C3EE = {
						CreatedOnToolsVersion = 10.1;
						TestTargetID = 55B74CAA225CD3010006C3EE;
					};
					55B74CC9225CD3030006C3EE = {
						CreatedOnToolsVersion = 10.1;
						TestTargetID = 55B74CAA225CD3010006C3EE;
					};
				};
			};
			buildConfigurationList = 55B74CA6225CD3010006C3EE /* Build configuration list for PBXProject "Ymoku" */;
			compatibilityVersion = "Xcode 9.3";
			developmentRegion = en;
			hasScannedForEncodings = 0;
			knownRegions = (
				en,
				Base,
			);
			mainGroup = 55B74CA2225CD3010006C3EE;
			productRefGroup = 55B74CAC225CD3010006C3EE /* Products */;
			projectDirPath = "";
			projectRoot = "";
			targets = (
				55B74CAA225CD3010006C3EE /* Ymoku */,
				55B74CBE225CD3030006C3EE /* YmokuTests */,
				55B74CC9225CD3030006C3EE /* YmokuUITests */,
				5505FC0A225CD62600D01C87 /* Infra */,
				5505FC12225CD62600D01C87 /* InfraTests */,
				5584EE0822617B4D00200D15 /* Account */,
				5584EE1022617B4D00200D15 /* AccountTests */,
			);
		};
/* End PBXProject section */

/* Begin PBXResourcesBuildPhase section */
		5505FC09225CD62600D01C87 /* Resources */ = {
			isa = PBXResourcesBuildPhase;
			buildActionMask = 2147483647;
			files = (
			);
			runOnlyForDeploymentPostprocessing = 0;
		};
		5505FC11225CD62600D01C87 /* Resources */ = {
			isa = PBXResourcesBuildPhase;
			buildActionMask = 2147483647;
			files = (
			);
			runOnlyForDeploymentPostprocessing = 0;
		};
		5584EE0722617B4D00200D15 /* Resources */ = {
			isa = PBXResourcesBuildPhase;
			buildActionMask = 2147483647;
			files = (
			);
			runOnlyForDeploymentPostprocessing = 0;
		};
		5584EE0F22617B4D00200D15 /* Resources */ = {
			isa = PBXResourcesBuildPhase;
			buildActionMask = 2147483647;
			files = (
			);
			runOnlyForDeploymentPostprocessing = 0;
		};
		55B74CA9225CD3010006C3EE /* Resources */ = {
			isa = PBXResourcesBuildPhase;
			buildActionMask = 2147483647;
			files = (
				55B74CB9225CD3030006C3EE /* LaunchScreen.storyboard in Resources */,
				55E8DC1A225CD8A000B9108C /* GoogleService-Info.plist in Resources */,
				55B74CB6225CD3030006C3EE /* Assets.xcassets in Resources */,
				55B74CB4225CD3010006C3EE /* Main.storyboard in Resources */,
				555EA6B2225D933800FC4735 /* Authentication.storyboard in Resources */,
			);
			runOnlyForDeploymentPostprocessing = 0;
		};
		55B74CBD225CD3030006C3EE /* Resources */ = {
			isa = PBXResourcesBuildPhase;
			buildActionMask = 2147483647;
			files = (
			);
			runOnlyForDeploymentPostprocessing = 0;
		};
		55B74CC8225CD3030006C3EE /* Resources */ = {
			isa = PBXResourcesBuildPhase;
			buildActionMask = 2147483647;
			files = (
			);
			runOnlyForDeploymentPostprocessing = 0;
		};
/* End PBXResourcesBuildPhase section */

/* Begin PBXShellScriptBuildPhase section */
		149FB64926A32BFF5FE0106F /* [CP] Embed Pods Frameworks */ = {
			isa = PBXShellScriptBuildPhase;
			buildActionMask = 2147483647;
			files = (
			);
			inputFileListPaths = (
			);
			inputPaths = (
				"${SRCROOT}/Pods/Target Support Files/Pods-Ymoku/Pods-Ymoku-frameworks.sh",
				"${BUILT_PRODUCTS_DIR}/BoringSSL/openssl.framework",
				"${BUILT_PRODUCTS_DIR}/GTMSessionFetcher/GTMSessionFetcher.framework",
				"${BUILT_PRODUCTS_DIR}/GoogleUtilities/GoogleUtilities.framework",
				"${BUILT_PRODUCTS_DIR}/Protobuf/Protobuf.framework",
				"${BUILT_PRODUCTS_DIR}/gRPC/GRPCClient.framework",
				"${BUILT_PRODUCTS_DIR}/gRPC-C++/grpcpp.framework",
				"${BUILT_PRODUCTS_DIR}/gRPC-Core/grpc.framework",
				"${BUILT_PRODUCTS_DIR}/gRPC-ProtoRPC/ProtoRPC.framework",
				"${BUILT_PRODUCTS_DIR}/gRPC-RxLibrary/RxLibrary.framework",
				"${BUILT_PRODUCTS_DIR}/leveldb-library/leveldb.framework",
				"${BUILT_PRODUCTS_DIR}/nanopb/nanopb.framework",
			);
			name = "[CP] Embed Pods Frameworks";
			outputFileListPaths = (
			);
			outputPaths = (
				"${TARGET_BUILD_DIR}/${FRAMEWORKS_FOLDER_PATH}/openssl.framework",
				"${TARGET_BUILD_DIR}/${FRAMEWORKS_FOLDER_PATH}/GTMSessionFetcher.framework",
				"${TARGET_BUILD_DIR}/${FRAMEWORKS_FOLDER_PATH}/GoogleUtilities.framework",
				"${TARGET_BUILD_DIR}/${FRAMEWORKS_FOLDER_PATH}/Protobuf.framework",
				"${TARGET_BUILD_DIR}/${FRAMEWORKS_FOLDER_PATH}/GRPCClient.framework",
				"${TARGET_BUILD_DIR}/${FRAMEWORKS_FOLDER_PATH}/grpcpp.framework",
				"${TARGET_BUILD_DIR}/${FRAMEWORKS_FOLDER_PATH}/grpc.framework",
				"${TARGET_BUILD_DIR}/${FRAMEWORKS_FOLDER_PATH}/ProtoRPC.framework",
				"${TARGET_BUILD_DIR}/${FRAMEWORKS_FOLDER_PATH}/RxLibrary.framework",
				"${TARGET_BUILD_DIR}/${FRAMEWORKS_FOLDER_PATH}/leveldb.framework",
				"${TARGET_BUILD_DIR}/${FRAMEWORKS_FOLDER_PATH}/nanopb.framework",
			);
			runOnlyForDeploymentPostprocessing = 0;
			shellPath = /bin/sh;
			shellScript = "\"${SRCROOT}/Pods/Target Support Files/Pods-Ymoku/Pods-Ymoku-frameworks.sh\"\n";
			showEnvVarsInLog = 0;
		};
		178FFFC39A7F2C0A9C7B233F /* [CP] Check Pods Manifest.lock */ = {
			isa = PBXShellScriptBuildPhase;
			buildActionMask = 2147483647;
			files = (
			);
			inputFileListPaths = (
			);
			inputPaths = (
				"${PODS_PODFILE_DIR_PATH}/Podfile.lock",
				"${PODS_ROOT}/Manifest.lock",
			);
			name = "[CP] Check Pods Manifest.lock";
			outputFileListPaths = (
			);
			outputPaths = (
				"$(DERIVED_FILE_DIR)/Pods-YmokuTests-checkManifestLockResult.txt",
			);
			runOnlyForDeploymentPostprocessing = 0;
			shellPath = /bin/sh;
			shellScript = "diff \"${PODS_PODFILE_DIR_PATH}/Podfile.lock\" \"${PODS_ROOT}/Manifest.lock\" > /dev/null\nif [ $? != 0 ] ; then\n    # print error to STDERR\n    echo \"error: The sandbox is not in sync with the Podfile.lock. Run 'pod install' or update your CocoaPods installation.\" >&2\n    exit 1\nfi\n# This output is used by Xcode 'outputs' to avoid re-running this script phase.\necho \"SUCCESS\" > \"${SCRIPT_OUTPUT_FILE_0}\"\n";
			showEnvVarsInLog = 0;
		};
		9B5698BEC2E9CA30A68E973A /* [CP] Embed Pods Frameworks */ = {
			isa = PBXShellScriptBuildPhase;
			buildActionMask = 2147483647;
			files = (
			);
			inputFileListPaths = (
			);
			inputPaths = (
				"${SRCROOT}/Pods/Target Support Files/Pods-InfraTests/Pods-InfraTests-frameworks.sh",
				"${BUILT_PRODUCTS_DIR}/BoringSSL/openssl.framework",
				"${BUILT_PRODUCTS_DIR}/GTMSessionFetcher/GTMSessionFetcher.framework",
				"${BUILT_PRODUCTS_DIR}/GoogleUtilities/GoogleUtilities.framework",
				"${BUILT_PRODUCTS_DIR}/Protobuf/Protobuf.framework",
				"${BUILT_PRODUCTS_DIR}/gRPC/GRPCClient.framework",
				"${BUILT_PRODUCTS_DIR}/gRPC-C++/grpcpp.framework",
				"${BUILT_PRODUCTS_DIR}/gRPC-Core/grpc.framework",
				"${BUILT_PRODUCTS_DIR}/gRPC-ProtoRPC/ProtoRPC.framework",
				"${BUILT_PRODUCTS_DIR}/gRPC-RxLibrary/RxLibrary.framework",
				"${BUILT_PRODUCTS_DIR}/leveldb-library/leveldb.framework",
				"${BUILT_PRODUCTS_DIR}/nanopb/nanopb.framework",
			);
			name = "[CP] Embed Pods Frameworks";
			outputFileListPaths = (
			);
			outputPaths = (
				"${TARGET_BUILD_DIR}/${FRAMEWORKS_FOLDER_PATH}/openssl.framework",
				"${TARGET_BUILD_DIR}/${FRAMEWORKS_FOLDER_PATH}/GTMSessionFetcher.framework",
				"${TARGET_BUILD_DIR}/${FRAMEWORKS_FOLDER_PATH}/GoogleUtilities.framework",
				"${TARGET_BUILD_DIR}/${FRAMEWORKS_FOLDER_PATH}/Protobuf.framework",
				"${TARGET_BUILD_DIR}/${FRAMEWORKS_FOLDER_PATH}/GRPCClient.framework",
				"${TARGET_BUILD_DIR}/${FRAMEWORKS_FOLDER_PATH}/grpcpp.framework",
				"${TARGET_BUILD_DIR}/${FRAMEWORKS_FOLDER_PATH}/grpc.framework",
				"${TARGET_BUILD_DIR}/${FRAMEWORKS_FOLDER_PATH}/ProtoRPC.framework",
				"${TARGET_BUILD_DIR}/${FRAMEWORKS_FOLDER_PATH}/RxLibrary.framework",
				"${TARGET_BUILD_DIR}/${FRAMEWORKS_FOLDER_PATH}/leveldb.framework",
				"${TARGET_BUILD_DIR}/${FRAMEWORKS_FOLDER_PATH}/nanopb.framework",
			);
			runOnlyForDeploymentPostprocessing = 0;
			shellPath = /bin/sh;
			shellScript = "\"${SRCROOT}/Pods/Target Support Files/Pods-InfraTests/Pods-InfraTests-frameworks.sh\"\n";
			showEnvVarsInLog = 0;
		};
		C06196750F3EC091DA4B97B6 /* [CP] Check Pods Manifest.lock */ = {
			isa = PBXShellScriptBuildPhase;
			buildActionMask = 2147483647;
			files = (
			);
			inputFileListPaths = (
			);
			inputPaths = (
				"${PODS_PODFILE_DIR_PATH}/Podfile.lock",
				"${PODS_ROOT}/Manifest.lock",
			);
			name = "[CP] Check Pods Manifest.lock";
			outputFileListPaths = (
			);
			outputPaths = (
				"$(DERIVED_FILE_DIR)/Pods-Infra-checkManifestLockResult.txt",
			);
			runOnlyForDeploymentPostprocessing = 0;
			shellPath = /bin/sh;
			shellScript = "diff \"${PODS_PODFILE_DIR_PATH}/Podfile.lock\" \"${PODS_ROOT}/Manifest.lock\" > /dev/null\nif [ $? != 0 ] ; then\n    # print error to STDERR\n    echo \"error: The sandbox is not in sync with the Podfile.lock. Run 'pod install' or update your CocoaPods installation.\" >&2\n    exit 1\nfi\n# This output is used by Xcode 'outputs' to avoid re-running this script phase.\necho \"SUCCESS\" > \"${SCRIPT_OUTPUT_FILE_0}\"\n";
			showEnvVarsInLog = 0;
		};
		DE7805B9BE66D1B3E11F3D3C /* [CP] Check Pods Manifest.lock */ = {
			isa = PBXShellScriptBuildPhase;
			buildActionMask = 2147483647;
			files = (
			);
			inputFileListPaths = (
			);
			inputPaths = (
				"${PODS_PODFILE_DIR_PATH}/Podfile.lock",
				"${PODS_ROOT}/Manifest.lock",
			);
			name = "[CP] Check Pods Manifest.lock";
			outputFileListPaths = (
			);
			outputPaths = (
				"$(DERIVED_FILE_DIR)/Pods-InfraTests-checkManifestLockResult.txt",
			);
			runOnlyForDeploymentPostprocessing = 0;
			shellPath = /bin/sh;
			shellScript = "diff \"${PODS_PODFILE_DIR_PATH}/Podfile.lock\" \"${PODS_ROOT}/Manifest.lock\" > /dev/null\nif [ $? != 0 ] ; then\n    # print error to STDERR\n    echo \"error: The sandbox is not in sync with the Podfile.lock. Run 'pod install' or update your CocoaPods installation.\" >&2\n    exit 1\nfi\n# This output is used by Xcode 'outputs' to avoid re-running this script phase.\necho \"SUCCESS\" > \"${SCRIPT_OUTPUT_FILE_0}\"\n";
			showEnvVarsInLog = 0;
		};
		ED1A4C75D971EE806523D341 /* [CP] Check Pods Manifest.lock */ = {
			isa = PBXShellScriptBuildPhase;
			buildActionMask = 2147483647;
			files = (
			);
			inputFileListPaths = (
			);
			inputPaths = (
				"${PODS_PODFILE_DIR_PATH}/Podfile.lock",
				"${PODS_ROOT}/Manifest.lock",
			);
			name = "[CP] Check Pods Manifest.lock";
			outputFileListPaths = (
			);
			outputPaths = (
				"$(DERIVED_FILE_DIR)/Pods-Ymoku-checkManifestLockResult.txt",
			);
			runOnlyForDeploymentPostprocessing = 0;
			shellPath = /bin/sh;
			shellScript = "diff \"${PODS_PODFILE_DIR_PATH}/Podfile.lock\" \"${PODS_ROOT}/Manifest.lock\" > /dev/null\nif [ $? != 0 ] ; then\n    # print error to STDERR\n    echo \"error: The sandbox is not in sync with the Podfile.lock. Run 'pod install' or update your CocoaPods installation.\" >&2\n    exit 1\nfi\n# This output is used by Xcode 'outputs' to avoid re-running this script phase.\necho \"SUCCESS\" > \"${SCRIPT_OUTPUT_FILE_0}\"\n";
			showEnvVarsInLog = 0;
		};
		F1CD494AFEBDE4E43B482058 /* [CP] Check Pods Manifest.lock */ = {
			isa = PBXShellScriptBuildPhase;
			buildActionMask = 2147483647;
			files = (
			);
			inputFileListPaths = (
			);
			inputPaths = (
				"${PODS_PODFILE_DIR_PATH}/Podfile.lock",
				"${PODS_ROOT}/Manifest.lock",
			);
			name = "[CP] Check Pods Manifest.lock";
			outputFileListPaths = (
			);
			outputPaths = (
				"$(DERIVED_FILE_DIR)/Pods-YmokuUITests-checkManifestLockResult.txt",
			);
			runOnlyForDeploymentPostprocessing = 0;
			shellPath = /bin/sh;
			shellScript = "diff \"${PODS_PODFILE_DIR_PATH}/Podfile.lock\" \"${PODS_ROOT}/Manifest.lock\" > /dev/null\nif [ $? != 0 ] ; then\n    # print error to STDERR\n    echo \"error: The sandbox is not in sync with the Podfile.lock. Run 'pod install' or update your CocoaPods installation.\" >&2\n    exit 1\nfi\n# This output is used by Xcode 'outputs' to avoid re-running this script phase.\necho \"SUCCESS\" > \"${SCRIPT_OUTPUT_FILE_0}\"\n";
			showEnvVarsInLog = 0;
		};
/* End PBXShellScriptBuildPhase section */

/* Begin PBXSourcesBuildPhase section */
		5505FC07225CD62600D01C87 /* Sources */ = {
			isa = PBXSourcesBuildPhase;
			buildActionMask = 2147483647;
			files = (
				5584EE342261AAC700200D15 /* AuthenticationUserData.swift in Sources */,
				55E8DC18225CD77900B9108C /* Infra.swift in Sources */,
				558871C7225CE67900BE7D7D /* Authentication.swift in Sources */,
			);
			runOnlyForDeploymentPostprocessing = 0;
		};
		5505FC0F225CD62600D01C87 /* Sources */ = {
			isa = PBXSourcesBuildPhase;
			buildActionMask = 2147483647;
			files = (
				5505FC1B225CD62600D01C87 /* InfraTests.swift in Sources */,
			);
			runOnlyForDeploymentPostprocessing = 0;
		};
		5584EE0522617B4D00200D15 /* Sources */ = {
			isa = PBXSourcesBuildPhase;
			buildActionMask = 2147483647;
			files = (
				5584EE2722617B6400200D15 /* YmokuAccount.swift in Sources */,
				5584EE2922617BC300200D15 /* YmokuProfile.swift in Sources */,
			);
			runOnlyForDeploymentPostprocessing = 0;
		};
		5584EE0D22617B4D00200D15 /* Sources */ = {
			isa = PBXSourcesBuildPhase;
			buildActionMask = 2147483647;
			files = (
				5584EE1922617B4D00200D15 /* AccountTests.swift in Sources */,
			);
			runOnlyForDeploymentPostprocessing = 0;
		};
		55B74CA7225CD3010006C3EE /* Sources */ = {
			isa = PBXSourcesBuildPhase;
			buildActionMask = 2147483647;
			files = (
				55B74CE5225CD3C70006C3EE /* UIColor+rgb+hex.swift in Sources */,
				5584EE3222619E3500200D15 /* YmokuAffiliationViewController.swift in Sources */,
				5584EE2B22617DB600200D15 /* YmokuAccountCreateViewController.swift in Sources */,
				55B74CE6225CD3C70006C3EE /* String+URLEncoded.swift in Sources */,
				55B74CE9225CD3C70006C3EE /* YMokuNavigationBarTitleTextAttribute.swift in Sources */,
				55B74CE8225CD3C70006C3EE /* YMokuNavigationController.swift in Sources */,
				55B74CB1225CD3010006C3EE /* ViewController.swift in Sources */,
				555EA6B4225E26D400FC4735 /* YmokuInputViewController.swift in Sources */,
				5584EE302261999400200D15 /* YmokuNameInputViewController.swift in Sources */,
				55B74CAF225CD3010006C3EE /* AppDelegate.swift in Sources */,
				55B74CEA225CD3C70006C3EE /* YMokuColor.swift in Sources */,
				5584EE2E2261974500200D15 /* YmokuDisplayNameInputViewController.swift in Sources */,
			);
			runOnlyForDeploymentPostprocessing = 0;
		};
		55B74CBB225CD3030006C3EE /* Sources */ = {
			isa = PBXSourcesBuildPhase;
			buildActionMask = 2147483647;
			files = (
				55B74CC4225CD3030006C3EE /* YmokuTests.swift in Sources */,
			);
			runOnlyForDeploymentPostprocessing = 0;
		};
		55B74CC6225CD3030006C3EE /* Sources */ = {
			isa = PBXSourcesBuildPhase;
			buildActionMask = 2147483647;
			files = (
				55B74CCF225CD3030006C3EE /* YmokuUITests.swift in Sources */,
			);
			runOnlyForDeploymentPostprocessing = 0;
		};
/* End PBXSourcesBuildPhase section */

/* Begin PBXTargetDependency section */
		5505FC16225CD62600D01C87 /* PBXTargetDependency */ = {
			isa = PBXTargetDependency;
			target = 5505FC0A225CD62600D01C87 /* Infra */;
			targetProxy = 5505FC15225CD62600D01C87 /* PBXContainerItemProxy */;
		};
		5505FC18225CD62600D01C87 /* PBXTargetDependency */ = {
			isa = PBXTargetDependency;
			target = 55B74CAA225CD3010006C3EE /* Ymoku */;
			targetProxy = 5505FC17225CD62600D01C87 /* PBXContainerItemProxy */;
		};
		5505FC1F225CD62600D01C87 /* PBXTargetDependency */ = {
			isa = PBXTargetDependency;
			target = 5505FC0A225CD62600D01C87 /* Infra */;
			targetProxy = 5505FC1E225CD62600D01C87 /* PBXContainerItemProxy */;
		};
		5584EE1422617B4D00200D15 /* PBXTargetDependency */ = {
			isa = PBXTargetDependency;
			target = 5584EE0822617B4D00200D15 /* Account */;
			targetProxy = 5584EE1322617B4D00200D15 /* PBXContainerItemProxy */;
		};
		5584EE1622617B4D00200D15 /* PBXTargetDependency */ = {
			isa = PBXTargetDependency;
			target = 55B74CAA225CD3010006C3EE /* Ymoku */;
			targetProxy = 5584EE1522617B4D00200D15 /* PBXContainerItemProxy */;
		};
		5584EE1D22617B4D00200D15 /* PBXTargetDependency */ = {
			isa = PBXTargetDependency;
			target = 5584EE0822617B4D00200D15 /* Account */;
			targetProxy = 5584EE1C22617B4D00200D15 /* PBXContainerItemProxy */;
		};
		55B74CC1225CD3030006C3EE /* PBXTargetDependency */ = {
			isa = PBXTargetDependency;
			target = 55B74CAA225CD3010006C3EE /* Ymoku */;
			targetProxy = 55B74CC0225CD3030006C3EE /* PBXContainerItemProxy */;
		};
		55B74CCC225CD3030006C3EE /* PBXTargetDependency */ = {
			isa = PBXTargetDependency;
			target = 55B74CAA225CD3010006C3EE /* Ymoku */;
			targetProxy = 55B74CCB225CD3030006C3EE /* PBXContainerItemProxy */;
		};
/* End PBXTargetDependency section */

/* Begin PBXVariantGroup section */
		55B74CB2225CD3010006C3EE /* Main.storyboard */ = {
			isa = PBXVariantGroup;
			children = (
				55B74CB3225CD3010006C3EE /* Base */,
			);
			name = Main.storyboard;
			sourceTree = "<group>";
		};
		55B74CB7225CD3030006C3EE /* LaunchScreen.storyboard */ = {
			isa = PBXVariantGroup;
			children = (
				55B74CB8225CD3030006C3EE /* Base */,
			);
			name = LaunchScreen.storyboard;
			sourceTree = "<group>";
		};
/* End PBXVariantGroup section */

/* Begin XCBuildConfiguration section */
		5505FC22225CD62600D01C87 /* Debug */ = {
			isa = XCBuildConfiguration;
			baseConfigurationReference = A2875BA45CCD64C899558BDB /* Pods-Infra.debug.xcconfig */;
			buildSettings = {
				CLANG_ENABLE_MODULES = YES;
				CODE_SIGN_IDENTITY = "";
				CODE_SIGN_STYLE = Automatic;
				CURRENT_PROJECT_VERSION = 1;
				DEFINES_MODULE = YES;
				DEVELOPMENT_TEAM = 3D5LBLPX9R;
				DYLIB_COMPATIBILITY_VERSION = 1;
				DYLIB_CURRENT_VERSION = 1;
				DYLIB_INSTALL_NAME_BASE = "@rpath";
				INFOPLIST_FILE = Infra/Info.plist;
				INSTALL_PATH = "$(LOCAL_LIBRARY_DIR)/Frameworks";
				LD_RUNPATH_SEARCH_PATHS = (
					"$(inherited)",
					"@executable_path/Frameworks",
					"@loader_path/Frameworks",
				);
				PRODUCT_BUNDLE_IDENTIFIER = "jp.co.falcon-tech.Infra";
				PRODUCT_NAME = "$(TARGET_NAME:c99extidentifier)";
				SKIP_INSTALL = YES;
				SWIFT_OPTIMIZATION_LEVEL = "-Onone";
				SWIFT_VERSION = 4.2;
				TARGETED_DEVICE_FAMILY = "1,2";
				VERSIONING_SYSTEM = "apple-generic";
				VERSION_INFO_PREFIX = "";
			};
			name = Debug;
		};
		5505FC23225CD62600D01C87 /* Release */ = {
			isa = XCBuildConfiguration;
			baseConfigurationReference = E95F31D86296A360DE9AAEC8 /* Pods-Infra.release.xcconfig */;
			buildSettings = {
				CLANG_ENABLE_MODULES = YES;
				CODE_SIGN_IDENTITY = "";
				CODE_SIGN_STYLE = Automatic;
				CURRENT_PROJECT_VERSION = 1;
				DEFINES_MODULE = YES;
				DEVELOPMENT_TEAM = 3D5LBLPX9R;
				DYLIB_COMPATIBILITY_VERSION = 1;
				DYLIB_CURRENT_VERSION = 1;
				DYLIB_INSTALL_NAME_BASE = "@rpath";
				INFOPLIST_FILE = Infra/Info.plist;
				INSTALL_PATH = "$(LOCAL_LIBRARY_DIR)/Frameworks";
				LD_RUNPATH_SEARCH_PATHS = (
					"$(inherited)",
					"@executable_path/Frameworks",
					"@loader_path/Frameworks",
				);
				PRODUCT_BUNDLE_IDENTIFIER = "jp.co.falcon-tech.Infra";
				PRODUCT_NAME = "$(TARGET_NAME:c99extidentifier)";
				SKIP_INSTALL = YES;
				SWIFT_VERSION = 4.2;
				TARGETED_DEVICE_FAMILY = "1,2";
				VERSIONING_SYSTEM = "apple-generic";
				VERSION_INFO_PREFIX = "";
			};
			name = Release;
		};
		5505FC24225CD62600D01C87 /* Debug */ = {
			isa = XCBuildConfiguration;
			baseConfigurationReference = CA6B05EAAFEF6E36C3CB70EB /* Pods-InfraTests.debug.xcconfig */;
			buildSettings = {
				ALWAYS_EMBED_SWIFT_STANDARD_LIBRARIES = YES;
				CODE_SIGN_STYLE = Automatic;
				DEVELOPMENT_TEAM = 3D5LBLPX9R;
				INFOPLIST_FILE = InfraTests/Info.plist;
				LD_RUNPATH_SEARCH_PATHS = (
					"$(inherited)",
					"@executable_path/Frameworks",
					"@loader_path/Frameworks",
				);
				PRODUCT_BUNDLE_IDENTIFIER = "jp.co.falcon-tech.InfraTests";
				PRODUCT_NAME = "$(TARGET_NAME)";
				SWIFT_VERSION = 4.2;
				TARGETED_DEVICE_FAMILY = "1,2";
				TEST_HOST = "$(BUILT_PRODUCTS_DIR)/Ymoku.app/Ymoku";
			};
			name = Debug;
		};
		5505FC25225CD62600D01C87 /* Release */ = {
			isa = XCBuildConfiguration;
			baseConfigurationReference = 1D1CA6E0FBDB2214308F855A /* Pods-InfraTests.release.xcconfig */;
			buildSettings = {
				ALWAYS_EMBED_SWIFT_STANDARD_LIBRARIES = YES;
				CODE_SIGN_STYLE = Automatic;
				DEVELOPMENT_TEAM = 3D5LBLPX9R;
				INFOPLIST_FILE = InfraTests/Info.plist;
				LD_RUNPATH_SEARCH_PATHS = (
					"$(inherited)",
					"@executable_path/Frameworks",
					"@loader_path/Frameworks",
				);
				PRODUCT_BUNDLE_IDENTIFIER = "jp.co.falcon-tech.InfraTests";
				PRODUCT_NAME = "$(TARGET_NAME)";
				SWIFT_VERSION = 4.2;
				TARGETED_DEVICE_FAMILY = "1,2";
				TEST_HOST = "$(BUILT_PRODUCTS_DIR)/Ymoku.app/Ymoku";
			};
			name = Release;
		};
		5584EE2022617B4D00200D15 /* Debug */ = {
			isa = XCBuildConfiguration;
			buildSettings = {
				CLANG_ENABLE_MODULES = YES;
				CODE_SIGN_IDENTITY = "";
				CODE_SIGN_STYLE = Automatic;
				CURRENT_PROJECT_VERSION = 1;
				DEFINES_MODULE = YES;
				DEVELOPMENT_TEAM = 3D5LBLPX9R;
				DYLIB_COMPATIBILITY_VERSION = 1;
				DYLIB_CURRENT_VERSION = 1;
				DYLIB_INSTALL_NAME_BASE = "@rpath";
				INFOPLIST_FILE = Account/Info.plist;
				INSTALL_PATH = "$(LOCAL_LIBRARY_DIR)/Frameworks";
				LD_RUNPATH_SEARCH_PATHS = (
					"$(inherited)",
					"@executable_path/Frameworks",
					"@loader_path/Frameworks",
				);
				PRODUCT_BUNDLE_IDENTIFIER = "jp.co.falcon-tech.Account";
				PRODUCT_NAME = "$(TARGET_NAME:c99extidentifier)";
				SKIP_INSTALL = YES;
				SWIFT_OPTIMIZATION_LEVEL = "-Onone";
				SWIFT_VERSION = 4.2;
				TARGETED_DEVICE_FAMILY = "1,2";
				VERSIONING_SYSTEM = "apple-generic";
				VERSION_INFO_PREFIX = "";
			};
			name = Debug;
		};
		5584EE2122617B4D00200D15 /* Release */ = {
			isa = XCBuildConfiguration;
			buildSettings = {
				CLANG_ENABLE_MODULES = YES;
				CODE_SIGN_IDENTITY = "";
				CODE_SIGN_STYLE = Automatic;
				CURRENT_PROJECT_VERSION = 1;
				DEFINES_MODULE = YES;
				DEVELOPMENT_TEAM = 3D5LBLPX9R;
				DYLIB_COMPATIBILITY_VERSION = 1;
				DYLIB_CURRENT_VERSION = 1;
				DYLIB_INSTALL_NAME_BASE = "@rpath";
				INFOPLIST_FILE = Account/Info.plist;
				INSTALL_PATH = "$(LOCAL_LIBRARY_DIR)/Frameworks";
				LD_RUNPATH_SEARCH_PATHS = (
					"$(inherited)",
					"@executable_path/Frameworks",
					"@loader_path/Frameworks",
				);
				PRODUCT_BUNDLE_IDENTIFIER = "jp.co.falcon-tech.Account";
				PRODUCT_NAME = "$(TARGET_NAME:c99extidentifier)";
				SKIP_INSTALL = YES;
				SWIFT_VERSION = 4.2;
				TARGETED_DEVICE_FAMILY = "1,2";
				VERSIONING_SYSTEM = "apple-generic";
				VERSION_INFO_PREFIX = "";
			};
			name = Release;
		};
		5584EE2222617B4D00200D15 /* Debug */ = {
			isa = XCBuildConfiguration;
			buildSettings = {
				ALWAYS_EMBED_SWIFT_STANDARD_LIBRARIES = YES;
				CODE_SIGN_STYLE = Automatic;
				DEVELOPMENT_TEAM = 3D5LBLPX9R;
				INFOPLIST_FILE = AccountTests/Info.plist;
				LD_RUNPATH_SEARCH_PATHS = (
					"$(inherited)",
					"@executable_path/Frameworks",
					"@loader_path/Frameworks",
				);
				PRODUCT_BUNDLE_IDENTIFIER = "jp.co.falcon-tech.AccountTests";
				PRODUCT_NAME = "$(TARGET_NAME)";
				SWIFT_VERSION = 4.2;
				TARGETED_DEVICE_FAMILY = "1,2";
				TEST_HOST = "$(BUILT_PRODUCTS_DIR)/Ymoku.app/Ymoku";
			};
			name = Debug;
		};
		5584EE2322617B4D00200D15 /* Release */ = {
			isa = XCBuildConfiguration;
			buildSettings = {
				ALWAYS_EMBED_SWIFT_STANDARD_LIBRARIES = YES;
				CODE_SIGN_STYLE = Automatic;
				DEVELOPMENT_TEAM = 3D5LBLPX9R;
				INFOPLIST_FILE = AccountTests/Info.plist;
				LD_RUNPATH_SEARCH_PATHS = (
					"$(inherited)",
					"@executable_path/Frameworks",
					"@loader_path/Frameworks",
				);
				PRODUCT_BUNDLE_IDENTIFIER = "jp.co.falcon-tech.AccountTests";
				PRODUCT_NAME = "$(TARGET_NAME)";
				SWIFT_VERSION = 4.2;
				TARGETED_DEVICE_FAMILY = "1,2";
				TEST_HOST = "$(BUILT_PRODUCTS_DIR)/Ymoku.app/Ymoku";
			};
			name = Release;
		};
		55B74CD1225CD3030006C3EE /* Debug */ = {
			isa = XCBuildConfiguration;
			buildSettings = {
				ALWAYS_SEARCH_USER_PATHS = NO;
				CLANG_ANALYZER_NONNULL = YES;
				CLANG_ANALYZER_NUMBER_OBJECT_CONVERSION = YES_AGGRESSIVE;
				CLANG_CXX_LANGUAGE_STANDARD = "gnu++14";
				CLANG_CXX_LIBRARY = "libc++";
				CLANG_ENABLE_MODULES = YES;
				CLANG_ENABLE_OBJC_ARC = YES;
				CLANG_ENABLE_OBJC_WEAK = YES;
				CLANG_WARN_BLOCK_CAPTURE_AUTORELEASING = YES;
				CLANG_WARN_BOOL_CONVERSION = YES;
				CLANG_WARN_COMMA = YES;
				CLANG_WARN_CONSTANT_CONVERSION = YES;
				CLANG_WARN_DEPRECATED_OBJC_IMPLEMENTATIONS = YES;
				CLANG_WARN_DIRECT_OBJC_ISA_USAGE = YES_ERROR;
				CLANG_WARN_DOCUMENTATION_COMMENTS = YES;
				CLANG_WARN_EMPTY_BODY = YES;
				CLANG_WARN_ENUM_CONVERSION = YES;
				CLANG_WARN_INFINITE_RECURSION = YES;
				CLANG_WARN_INT_CONVERSION = YES;
				CLANG_WARN_NON_LITERAL_NULL_CONVERSION = YES;
				CLANG_WARN_OBJC_IMPLICIT_RETAIN_SELF = YES;
				CLANG_WARN_OBJC_LITERAL_CONVERSION = YES;
				CLANG_WARN_OBJC_ROOT_CLASS = YES_ERROR;
				CLANG_WARN_RANGE_LOOP_ANALYSIS = YES;
				CLANG_WARN_STRICT_PROTOTYPES = YES;
				CLANG_WARN_SUSPICIOUS_MOVE = YES;
				CLANG_WARN_UNGUARDED_AVAILABILITY = YES_AGGRESSIVE;
				CLANG_WARN_UNREACHABLE_CODE = YES;
				CLANG_WARN__DUPLICATE_METHOD_MATCH = YES;
				CODE_SIGN_IDENTITY = "iPhone Developer";
				COPY_PHASE_STRIP = NO;
				DEBUG_INFORMATION_FORMAT = dwarf;
				ENABLE_STRICT_OBJC_MSGSEND = YES;
				ENABLE_TESTABILITY = YES;
				GCC_C_LANGUAGE_STANDARD = gnu11;
				GCC_DYNAMIC_NO_PIC = NO;
				GCC_NO_COMMON_BLOCKS = YES;
				GCC_OPTIMIZATION_LEVEL = 0;
				GCC_PREPROCESSOR_DEFINITIONS = (
					"DEBUG=1",
					"$(inherited)",
				);
				GCC_WARN_64_TO_32_BIT_CONVERSION = YES;
				GCC_WARN_ABOUT_RETURN_TYPE = YES_ERROR;
				GCC_WARN_UNDECLARED_SELECTOR = YES;
				GCC_WARN_UNINITIALIZED_AUTOS = YES_AGGRESSIVE;
				GCC_WARN_UNUSED_FUNCTION = YES;
				GCC_WARN_UNUSED_VARIABLE = YES;
				IPHONEOS_DEPLOYMENT_TARGET = 12.1;
				MTL_ENABLE_DEBUG_INFO = INCLUDE_SOURCE;
				MTL_FAST_MATH = YES;
				ONLY_ACTIVE_ARCH = YES;
				SDKROOT = iphoneos;
				SWIFT_ACTIVE_COMPILATION_CONDITIONS = DEBUG;
				SWIFT_OPTIMIZATION_LEVEL = "-Onone";
			};
			name = Debug;
		};
		55B74CD2225CD3030006C3EE /* Release */ = {
			isa = XCBuildConfiguration;
			buildSettings = {
				ALWAYS_SEARCH_USER_PATHS = NO;
				CLANG_ANALYZER_NONNULL = YES;
				CLANG_ANALYZER_NUMBER_OBJECT_CONVERSION = YES_AGGRESSIVE;
				CLANG_CXX_LANGUAGE_STANDARD = "gnu++14";
				CLANG_CXX_LIBRARY = "libc++";
				CLANG_ENABLE_MODULES = YES;
				CLANG_ENABLE_OBJC_ARC = YES;
				CLANG_ENABLE_OBJC_WEAK = YES;
				CLANG_WARN_BLOCK_CAPTURE_AUTORELEASING = YES;
				CLANG_WARN_BOOL_CONVERSION = YES;
				CLANG_WARN_COMMA = YES;
				CLANG_WARN_CONSTANT_CONVERSION = YES;
				CLANG_WARN_DEPRECATED_OBJC_IMPLEMENTATIONS = YES;
				CLANG_WARN_DIRECT_OBJC_ISA_USAGE = YES_ERROR;
				CLANG_WARN_DOCUMENTATION_COMMENTS = YES;
				CLANG_WARN_EMPTY_BODY = YES;
				CLANG_WARN_ENUM_CONVERSION = YES;
				CLANG_WARN_INFINITE_RECURSION = YES;
				CLANG_WARN_INT_CONVERSION = YES;
				CLANG_WARN_NON_LITERAL_NULL_CONVERSION = YES;
				CLANG_WARN_OBJC_IMPLICIT_RETAIN_SELF = YES;
				CLANG_WARN_OBJC_LITERAL_CONVERSION = YES;
				CLANG_WARN_OBJC_ROOT_CLASS = YES_ERROR;
				CLANG_WARN_RANGE_LOOP_ANALYSIS = YES;
				CLANG_WARN_STRICT_PROTOTYPES = YES;
				CLANG_WARN_SUSPICIOUS_MOVE = YES;
				CLANG_WARN_UNGUARDED_AVAILABILITY = YES_AGGRESSIVE;
				CLANG_WARN_UNREACHABLE_CODE = YES;
				CLANG_WARN__DUPLICATE_METHOD_MATCH = YES;
				CODE_SIGN_IDENTITY = "iPhone Developer";
				COPY_PHASE_STRIP = NO;
				DEBUG_INFORMATION_FORMAT = "dwarf-with-dsym";
				ENABLE_NS_ASSERTIONS = NO;
				ENABLE_STRICT_OBJC_MSGSEND = YES;
				GCC_C_LANGUAGE_STANDARD = gnu11;
				GCC_NO_COMMON_BLOCKS = YES;
				GCC_WARN_64_TO_32_BIT_CONVERSION = YES;
				GCC_WARN_ABOUT_RETURN_TYPE = YES_ERROR;
				GCC_WARN_UNDECLARED_SELECTOR = YES;
				GCC_WARN_UNINITIALIZED_AUTOS = YES_AGGRESSIVE;
				GCC_WARN_UNUSED_FUNCTION = YES;
				GCC_WARN_UNUSED_VARIABLE = YES;
				IPHONEOS_DEPLOYMENT_TARGET = 12.1;
				MTL_ENABLE_DEBUG_INFO = NO;
				MTL_FAST_MATH = YES;
				SDKROOT = iphoneos;
				SWIFT_COMPILATION_MODE = wholemodule;
				SWIFT_OPTIMIZATION_LEVEL = "-O";
				VALIDATE_PRODUCT = YES;
			};
			name = Release;
		};
		55B74CD4225CD3030006C3EE /* Debug */ = {
			isa = XCBuildConfiguration;
			baseConfigurationReference = BA0AFCE4E0D5EE1DDDE16352 /* Pods-Ymoku.debug.xcconfig */;
			buildSettings = {
				ALWAYS_EMBED_SWIFT_STANDARD_LIBRARIES = YES;
				ASSETCATALOG_COMPILER_APPICON_NAME = AppIcon;
				CODE_SIGN_STYLE = Automatic;
				DEVELOPMENT_TEAM = 3D5LBLPX9R;
				INFOPLIST_FILE = Ymoku/Info.plist;
				LD_RUNPATH_SEARCH_PATHS = (
					"$(inherited)",
					"@executable_path/Frameworks",
				);
				PRODUCT_BUNDLE_IDENTIFIER = "jp.co.falcon-tech.Ymoku";
				PRODUCT_NAME = "$(TARGET_NAME)";
				SWIFT_VERSION = 4.2;
				TARGETED_DEVICE_FAMILY = "1,2";
			};
			name = Debug;
		};
		55B74CD5225CD3030006C3EE /* Release */ = {
			isa = XCBuildConfiguration;
			baseConfigurationReference = B69BF3EF933F1A7A95C10D0F /* Pods-Ymoku.release.xcconfig */;
			buildSettings = {
				ALWAYS_EMBED_SWIFT_STANDARD_LIBRARIES = YES;
				ASSETCATALOG_COMPILER_APPICON_NAME = AppIcon;
				CODE_SIGN_STYLE = Automatic;
				DEVELOPMENT_TEAM = 3D5LBLPX9R;
				INFOPLIST_FILE = Ymoku/Info.plist;
				LD_RUNPATH_SEARCH_PATHS = (
					"$(inherited)",
					"@executable_path/Frameworks",
				);
				PRODUCT_BUNDLE_IDENTIFIER = "jp.co.falcon-tech.Ymoku";
				PRODUCT_NAME = "$(TARGET_NAME)";
				SWIFT_VERSION = 4.2;
				TARGETED_DEVICE_FAMILY = "1,2";
			};
			name = Release;
		};
		55B74CD7225CD3030006C3EE /* Debug */ = {
			isa = XCBuildConfiguration;
			baseConfigurationReference = 854131C7E3FE3F2BBFC98D12 /* Pods-YmokuTests.debug.xcconfig */;
			buildSettings = {
				ALWAYS_EMBED_SWIFT_STANDARD_LIBRARIES = YES;
				BUNDLE_LOADER = "$(TEST_HOST)";
				CODE_SIGN_STYLE = Automatic;
				DEVELOPMENT_TEAM = 3D5LBLPX9R;
				INFOPLIST_FILE = YmokuTests/Info.plist;
				LD_RUNPATH_SEARCH_PATHS = (
					"$(inherited)",
					"@executable_path/Frameworks",
					"@loader_path/Frameworks",
				);
				PRODUCT_BUNDLE_IDENTIFIER = "jp.co.falcon-tech.YmokuTests";
				PRODUCT_NAME = "$(TARGET_NAME)";
				SWIFT_VERSION = 4.2;
				TARGETED_DEVICE_FAMILY = "1,2";
				TEST_HOST = "$(BUILT_PRODUCTS_DIR)/Ymoku.app/Ymoku";
			};
			name = Debug;
		};
		55B74CD8225CD3030006C3EE /* Release */ = {
			isa = XCBuildConfiguration;
			baseConfigurationReference = 2AF43DBE27FBDC31AEA6FE2F /* Pods-YmokuTests.release.xcconfig */;
			buildSettings = {
				ALWAYS_EMBED_SWIFT_STANDARD_LIBRARIES = YES;
				BUNDLE_LOADER = "$(TEST_HOST)";
				CODE_SIGN_STYLE = Automatic;
				DEVELOPMENT_TEAM = 3D5LBLPX9R;
				INFOPLIST_FILE = YmokuTests/Info.plist;
				LD_RUNPATH_SEARCH_PATHS = (
					"$(inherited)",
					"@executable_path/Frameworks",
					"@loader_path/Frameworks",
				);
				PRODUCT_BUNDLE_IDENTIFIER = "jp.co.falcon-tech.YmokuTests";
				PRODUCT_NAME = "$(TARGET_NAME)";
				SWIFT_VERSION = 4.2;
				TARGETED_DEVICE_FAMILY = "1,2";
				TEST_HOST = "$(BUILT_PRODUCTS_DIR)/Ymoku.app/Ymoku";
			};
			name = Release;
		};
		55B74CDA225CD3030006C3EE /* Debug */ = {
			isa = XCBuildConfiguration;
			baseConfigurationReference = 732ADE8CB1249946AF3463E3 /* Pods-YmokuUITests.debug.xcconfig */;
			buildSettings = {
				ALWAYS_EMBED_SWIFT_STANDARD_LIBRARIES = YES;
				CODE_SIGN_STYLE = Automatic;
				DEVELOPMENT_TEAM = 3D5LBLPX9R;
				INFOPLIST_FILE = YmokuUITests/Info.plist;
				LD_RUNPATH_SEARCH_PATHS = (
					"$(inherited)",
					"@executable_path/Frameworks",
					"@loader_path/Frameworks",
				);
				PRODUCT_BUNDLE_IDENTIFIER = "jp.co.falcon-tech.YmokuUITests";
				PRODUCT_NAME = "$(TARGET_NAME)";
				SWIFT_VERSION = 4.2;
				TARGETED_DEVICE_FAMILY = "1,2";
				TEST_TARGET_NAME = Ymoku;
			};
			name = Debug;
		};
		55B74CDB225CD3030006C3EE /* Release */ = {
			isa = XCBuildConfiguration;
			baseConfigurationReference = 327792893D0F033979BD7048 /* Pods-YmokuUITests.release.xcconfig */;
			buildSettings = {
				ALWAYS_EMBED_SWIFT_STANDARD_LIBRARIES = YES;
				CODE_SIGN_STYLE = Automatic;
				DEVELOPMENT_TEAM = 3D5LBLPX9R;
				INFOPLIST_FILE = YmokuUITests/Info.plist;
				LD_RUNPATH_SEARCH_PATHS = (
					"$(inherited)",
					"@executable_path/Frameworks",
					"@loader_path/Frameworks",
				);
				PRODUCT_BUNDLE_IDENTIFIER = "jp.co.falcon-tech.YmokuUITests";
				PRODUCT_NAME = "$(TARGET_NAME)";
				SWIFT_VERSION = 4.2;
				TARGETED_DEVICE_FAMILY = "1,2";
				TEST_TARGET_NAME = Ymoku;
			};
			name = Release;
		};
/* End XCBuildConfiguration section */

/* Begin XCConfigurationList section */
		5505FC26225CD62600D01C87 /* Build configuration list for PBXNativeTarget "Infra" */ = {
			isa = XCConfigurationList;
			buildConfigurations = (
				5505FC22225CD62600D01C87 /* Debug */,
				5505FC23225CD62600D01C87 /* Release */,
			);
			defaultConfigurationIsVisible = 0;
			defaultConfigurationName = Release;
		};
		5505FC28225CD62600D01C87 /* Build configuration list for PBXNativeTarget "InfraTests" */ = {
			isa = XCConfigurationList;
			buildConfigurations = (
				5505FC24225CD62600D01C87 /* Debug */,
				5505FC25225CD62600D01C87 /* Release */,
			);
			defaultConfigurationIsVisible = 0;
			defaultConfigurationName = Release;
		};
		5584EE2422617B4D00200D15 /* Build configuration list for PBXNativeTarget "Account" */ = {
			isa = XCConfigurationList;
			buildConfigurations = (
				5584EE2022617B4D00200D15 /* Debug */,
				5584EE2122617B4D00200D15 /* Release */,
			);
			defaultConfigurationIsVisible = 0;
			defaultConfigurationName = Release;
		};
		5584EE2522617B4D00200D15 /* Build configuration list for PBXNativeTarget "AccountTests" */ = {
			isa = XCConfigurationList;
			buildConfigurations = (
				5584EE2222617B4D00200D15 /* Debug */,
				5584EE2322617B4D00200D15 /* Release */,
			);
			defaultConfigurationIsVisible = 0;
			defaultConfigurationName = Release;
		};
		55B74CA6225CD3010006C3EE /* Build configuration list for PBXProject "Ymoku" */ = {
			isa = XCConfigurationList;
			buildConfigurations = (
				55B74CD1225CD3030006C3EE /* Debug */,
				55B74CD2225CD3030006C3EE /* Release */,
			);
			defaultConfigurationIsVisible = 0;
			defaultConfigurationName = Release;
		};
		55B74CD3225CD3030006C3EE /* Build configuration list for PBXNativeTarget "Ymoku" */ = {
			isa = XCConfigurationList;
			buildConfigurations = (
				55B74CD4225CD3030006C3EE /* Debug */,
				55B74CD5225CD3030006C3EE /* Release */,
			);
			defaultConfigurationIsVisible = 0;
			defaultConfigurationName = Release;
		};
		55B74CD6225CD3030006C3EE /* Build configuration list for PBXNativeTarget "YmokuTests" */ = {
			isa = XCConfigurationList;
			buildConfigurations = (
				55B74CD7225CD3030006C3EE /* Debug */,
				55B74CD8225CD3030006C3EE /* Release */,
			);
			defaultConfigurationIsVisible = 0;
			defaultConfigurationName = Release;
		};
		55B74CD9225CD3030006C3EE /* Build configuration list for PBXNativeTarget "YmokuUITests" */ = {
			isa = XCConfigurationList;
			buildConfigurations = (
				55B74CDA225CD3030006C3EE /* Debug */,
				55B74CDB225CD3030006C3EE /* Release */,
			);
			defaultConfigurationIsVisible = 0;
			defaultConfigurationName = Release;
		};
/* End XCConfigurationList section */
	};
	rootObject = 55B74CA3225CD3010006C3EE /* Project object */;
}
